
Microsoft Visual Studio Solution File, Format Version 12.00
# Visual Studio Version 17
VisualStudioVersion = 17.6.33927.249
MinimumVisualStudioVersion = 10.0.40219.1
Project("{FAE04EC0-301F-11D3-BF4B-00C04F79EFBC}") = "aoai-on-your-data-console-app", "aoai-on-your-data-console-app\aoai-on-your-data-console-app.csproj", "{0398BFFB-D9B8-40CD-B040-F37FF3485D67}"
EndProject
Global
	GlobalSection(SolutionConfigurationPlatforms) = preSolution
		Debug|Any CPU = Debug|Any CPU
		Release|Any CPU = Release|Any CPU
	EndGlobalSection
	GlobalSection(ProjectConfigurationPlatforms) = postSolution
		{0398BFFB-D9B8-40CD-B040-F37FF3485D67}.Debug|Any CPU.ActiveCfg = Debug|Any CPU
		{0398BFFB-D9B8-40CD-B040-F37FF3485D67}.Debug|Any CPU.Build.0 = Debug|Any CPU
		{0398BFFB-D9B8-40CD-B040-F37FF3485D67}.Release|Any CPU.ActiveCfg = Release|Any CPU
		{0398BFFB-D9B8-40CD-B040-F37FF3485D67}.Release|Any CPU.Build.0 = Release|Any CPU
	EndGlobalSection
	GlobalSection(SolutionProperties) = preSolution
		HideSolutionNode = FALSE
	EndGlobalSection
	GlobalSection(ExtensibilityGlobals) = postSolution
		SolutionGuid = {2B8E76CD-8073-4FD3-B598-B79E066A394D}
	EndGlobalSection
EndGlobal
