
Microsoft Visual Studio Solution File, Format Version 12.00
# Visual Studio Version 17
VisualStudioVersion = 17.6.33927.249
MinimumVisualStudioVersion = 10.0.40219.1
Project("{FAE04EC0-301F-11D3-BF4B-00C04F79EFBC}") = "aoai-function-calling-console-app", "aoai-function-calling-console-app\aoai-function-calling-console-app.csproj", "{91A0E0D4-3D8D-421B-97E1-FC39D712F139}"
EndProject
Global
	GlobalSection(SolutionConfigurationPlatforms) = preSolution
		Debug|Any CPU = Debug|Any CPU
		Release|Any CPU = Release|Any CPU
	EndGlobalSection
	GlobalSection(ProjectConfigurationPlatforms) = postSolution
		{91A0E0D4-3D8D-421B-97E1-FC39D712F139}.Debug|Any CPU.ActiveCfg = Debug|Any CPU
		{91A0E0D4-3D8D-421B-97E1-FC39D712F139}.Debug|Any CPU.Build.0 = Debug|Any CPU
		{91A0E0D4-3D8D-421B-97E1-FC39D712F139}.Release|Any CPU.ActiveCfg = Release|Any CPU
		{91A0E0D4-3D8D-421B-97E1-FC39D712F139}.Release|Any CPU.Build.0 = Release|Any CPU
	EndGlobalSection
	GlobalSection(SolutionProperties) = preSolution
		HideSolutionNode = FALSE
	EndGlobalSection
	GlobalSection(ExtensibilityGlobals) = postSolution
		SolutionGuid = {284E88B6-58D0-40C5-8FC6-69E51976F7F8}
	EndGlobalSection
EndGlobal
