
Microsoft Visual Studio Solution File, Format Version 12.00
# Visual Studio Version 17
VisualStudioVersion = 17.10.34928.147
MinimumVisualStudioVersion = 10.0.40219.1
Project("{FAE04EC0-301F-11D3-BF4B-00C04F79EFBC}") = "prompty-console-app", "prompty-console-app\prompty-console-app.csproj", "{0884FFB0-B255-4944-9DB3-A0D9831A3D6C}"
EndProject
Global
	GlobalSection(SolutionConfigurationPlatforms) = preSolution
		Debug|Any CPU = Debug|Any CPU
		Release|Any CPU = Release|Any CPU
	EndGlobalSection
	GlobalSection(ProjectConfigurationPlatforms) = postSolution
		{0884FFB0-B255-4944-9DB3-A0D9831A3D6C}.Debug|Any CPU.ActiveCfg = Debug|Any CPU
		{0884FFB0-B255-4944-9DB3-A0D9831A3D6C}.Debug|Any CPU.Build.0 = Debug|Any CPU
		{0884FFB0-B255-4944-9DB3-A0D9831A3D6C}.Release|Any CPU.ActiveCfg = Release|Any CPU
		{0884FFB0-B255-4944-9DB3-A0D9831A3D6C}.Release|Any CPU.Build.0 = Release|Any CPU
	EndGlobalSection
	GlobalSection(SolutionProperties) = preSolution
		HideSolutionNode = FALSE
	EndGlobalSection
	GlobalSection(ExtensibilityGlobals) = postSolution
		SolutionGuid = {59D4DC1F-5851-469C-959E-1F9425BBEAC6}
	EndGlobalSection
EndGlobal
